
Microsoft Visual Studio Solution File, Format Version 12.00
# Visual Studio Version 16
VisualStudioVersion = 16.0.29123.88
MinimumVisualStudioVersion = 10.0.40219.1
Project("{FAE04EC0-301F-11D3-BF4B-00C04F79EFBC}") = "ejercicio5", "ejercicio5\ejercicio5.csproj", "{07A8D862-98B4-4978-9A2A-8D8037941AC9}"
EndProject
Global
	GlobalSection(SolutionConfigurationPlatforms) = preSolution
		Debug|Any CPU = Debug|Any CPU
		Release|Any CPU = Release|Any CPU
	EndGlobalSection
	GlobalSection(ProjectConfigurationPlatforms) = postSolution
		{07A8D862-98B4-4978-9A2A-8D8037941AC9}.Debug|Any CPU.ActiveCfg = Debug|Any CPU
		{07A8D862-98B4-4978-9A2A-8D8037941AC9}.Debug|Any CPU.Build.0 = Debug|Any CPU
		{07A8D862-98B4-4978-9A2A-8D8037941AC9}.Release|Any CPU.ActiveCfg = Release|Any CPU
		{07A8D862-98B4-4978-9A2A-8D8037941AC9}.Release|Any CPU.Build.0 = Release|Any CPU
	EndGlobalSection
	GlobalSection(SolutionProperties) = preSolution
		HideSolutionNode = FALSE
	EndGlobalSection
	GlobalSection(ExtensibilityGlobals) = postSolution
		SolutionGuid = {19C59610-3119-46C4-BD3A-0FF30E5C2254}
	EndGlobalSection
EndGlobal
